
Microsoft Visual Studio Solution File, Format Version 12.00
# Visual Studio 15
VisualStudioVersion = 15.0.28307.1000
MinimumVisualStudioVersion = 10.0.40219.1
Project("{FAE04EC0-301F-11D3-BF4B-00C04F79EFBC}") = "ConsoleApp3", "ConsoleApp3\ConsoleApp3.csproj", "{A2997FE7-FE73-45A9-B8C4-AE7752B22BFD}"
EndProject
Global
	GlobalSection(SolutionConfigurationPlatforms) = preSolution
		Debug|Any CPU = Debug|Any CPU
		Release|Any CPU = Release|Any CPU
	EndGlobalSection
	GlobalSection(ProjectConfigurationPlatforms) = postSolution
		{A2997FE7-FE73-45A9-B8C4-AE7752B22BFD}.Debug|Any CPU.ActiveCfg = Debug|Any CPU
		{A2997FE7-FE73-45A9-B8C4-AE7752B22BFD}.Debug|Any CPU.Build.0 = Debug|Any CPU
		{A2997FE7-FE73-45A9-B8C4-AE7752B22BFD}.Release|Any CPU.ActiveCfg = Release|Any CPU
		{A2997FE7-FE73-45A9-B8C4-AE7752B22BFD}.Release|Any CPU.Build.0 = Release|Any CPU
	EndGlobalSection
	GlobalSection(SolutionProperties) = preSolution
		HideSolutionNode = FALSE
	EndGlobalSection
	GlobalSection(ExtensibilityGlobals) = postSolution
		SolutionGuid = {8B34972C-E9FC-4DBE-9D1E-4081B4975961}
	EndGlobalSection
EndGlobal
